<Solution>
  <Folder Name="/Examples/">
    <Project Path="Examples/MathForge.Maui/MathForge.Maui.csproj" />
  </Folder>
  <Folder Name="/Sources/">
    <Project Path="Sources/MathForge.Ballistics/MathForge.Ballistics.csproj" />
    <Project Path="Sources/MathForge.Compression/MathForge.Compression.csproj" />
    <Project Path="Sources/MathForge.Cryptography/MathForge.Cryptography.csproj" />
    <Project Path="Sources/MathForge.Graphics/MathForge.Graphics.csproj" />
    <Project Path="Sources/MathForge.Graphs/MathForge.Graphs.csproj" />
    <Project Path="Sources/MathForge.MachineLearning/MathForge.MachineLearning.csproj" />
    <Project Path="Sources/MathForge.Numerical/MathForge.Numerical.csproj" />
    <Project Path="Sources/MathForge.Optimization/MathForge.Optimization.csproj" />
    <Project Path="Sources/MathForge.Physics/MathForge.Physics.csproj" />
    <Project Path="Sources/MathForge.Probability/MathForge.Probability.csproj" />
    <Project Path="Sources/MathForge.Processing/MathForge.Processing.csproj" />
    <Project Path="Sources/MathForge.Random/MathForge.Random.csproj" />
    <Project Path="Sources/MathForge.StochasticProcesses/MathForge.StochasticProcesses.csproj" />
    <Project Path="Sources/MathForge.System/MathForge.System.csproj" />
  </Folder>
  <Folder Name="/Sources/Main/">
    <Project Path="Sources/MathForge.Core/MathForge.Core.csproj" />
    <Project Path="Sources/MathForge.Mathematics/MathForge.Mathematics.csproj" />
  </Folder>
  <Folder Name="/Sources/Utilities/">
    <Project Path="Sources/MathForge.DependencyInjection/MathForge.DependencyInjection.csproj" />
    <Project Path="Sources/MathForge.SourceGenerators/MathForge.SourceGenerators.csproj" />
  </Folder>
  <Folder Name="/Tests/" />
</Solution>
